
Microsoft Visual Studio Solution File, Format Version 12.00
# Visual Studio Version 16
VisualStudioVersion = 16.0.29920.165
MinimumVisualStudioVersion = 10.0.40219.1
Project("{FAE04EC0-301F-11D3-BF4B-00C04F79EFBC}") = "DataAccessLayer", "DataAccessLayer\DataAccessLayer.csproj", "{8E523151-05A4-4819-B98C-ABE28C2DBF87}"
EndProject
Project("{FAE04EC0-301F-11D3-BF4B-00C04F79EFBC}") = "BusinessLogicLayer", "BusinessLogicLayer\BusinessLogicLayer.csproj", "{88AEF250-44A2-4927-872F-DF926D123D7C}"
EndProject
Project("{FAE04EC0-301F-11D3-BF4B-00C04F79EFBC}") = "IncidentManagementProject", "IncidentManagementProject\IncidentManagementProject.csproj", "{B6D3B129-EF81-464D-A74A-A89AD584CD78}"
EndProject
Global
	GlobalSection(SolutionConfigurationPlatforms) = preSolution
		Debug|Any CPU = Debug|Any CPU
		Release|Any CPU = Release|Any CPU
	EndGlobalSection
	GlobalSection(ProjectConfigurationPlatforms) = postSolution
		{8E523151-05A4-4819-B98C-ABE28C2DBF87}.Debug|Any CPU.ActiveCfg = Debug|Any CPU
		{8E523151-05A4-4819-B98C-ABE28C2DBF87}.Debug|Any CPU.Build.0 = Debug|Any CPU
		{8E523151-05A4-4819-B98C-ABE28C2DBF87}.Release|Any CPU.ActiveCfg = Release|Any CPU
		{8E523151-05A4-4819-B98C-ABE28C2DBF87}.Release|Any CPU.Build.0 = Release|Any CPU
		{88AEF250-44A2-4927-872F-DF926D123D7C}.Debug|Any CPU.ActiveCfg = Debug|Any CPU
		{88AEF250-44A2-4927-872F-DF926D123D7C}.Debug|Any CPU.Build.0 = Debug|Any CPU
		{88AEF250-44A2-4927-872F-DF926D123D7C}.Release|Any CPU.ActiveCfg = Release|Any CPU
		{88AEF250-44A2-4927-872F-DF926D123D7C}.Release|Any CPU.Build.0 = Release|Any CPU
		{B6D3B129-EF81-464D-A74A-A89AD584CD78}.Debug|Any CPU.ActiveCfg = Debug|Any CPU
		{B6D3B129-EF81-464D-A74A-A89AD584CD78}.Debug|Any CPU.Build.0 = Debug|Any CPU
		{B6D3B129-EF81-464D-A74A-A89AD584CD78}.Release|Any CPU.ActiveCfg = Release|Any CPU
		{B6D3B129-EF81-464D-A74A-A89AD584CD78}.Release|Any CPU.Build.0 = Release|Any CPU
	EndGlobalSection
	GlobalSection(SolutionProperties) = preSolution
		HideSolutionNode = FALSE
	EndGlobalSection
	GlobalSection(ExtensibilityGlobals) = postSolution
		SolutionGuid = {ECA55194-D5C9-4C33-A5B4-D54AB3F45692}
	EndGlobalSection
EndGlobal
